# This file is automatically @generated by Cargo.
# It is not intended for manual editing.
version = 4

[[package]]
name = "bytemuck"
version = "1.21.0"
source = "registry+https://github.com/rust-lang/crates.io-index"
checksum = "ef657dfab802224e671f5818e9a4935f9b1957ed18e58292690cc39e7a4092a3"

[[package]]
name = "chlorine"
version = "1.0.13"
source = "registry+https://github.com/rust-lang/crates.io-index"
checksum = "c00d31b1d19317b4777ec879192d3745bd97d05262b4b19cb1dda284b9d22f19"

[[package]]
name = "gcemu"
version = "0.1.0"
dependencies = [
 "bytemuck",
 "gl33",
]

[[package]]
name = "gl33"
version = "0.2.1"
source = "registry+https://github.com/rust-lang/crates.io-index"
checksum = "29b2b7ada5ed872363f5d27e54e7cae69148cb5e4d05aa3cac1a40c30519bda3"
dependencies = [
 "chlorine",
]
